
Microsoft Visual Studio Solution File, Format Version 12.00
Project("{2150E333-8FDC-42A3-9474-1A3956D46DE8}") = "src", "src", "{F6099AE4-67FB-4E0F-9092-2E5264810952}"
EndProject
Project("{FAE04EC0-301F-11D3-BF4B-00C04F79EFBC}") = "NCDCP.Sharding", "src\base\NCDCP.Sharding\NCDCP.Sharding.csproj", "{CEB31658-E7F8-4D36-AF89-75C721A30C96}"
EndProject
Project("{FAE04EC0-301F-11D3-BF4B-00C04F79EFBC}") = "NCDCP.Basic", "src\base\NCDCP.Basic\NCDCP.Basic.csproj", "{95908867-C512-470D-8472-BAC407B31D46}"
EndProject
Project("{FAE04EC0-301F-11D3-BF4B-00C04F79EFBC}") = "NCDCP.Parser", "src\base\NCDCP.Parser\NCDCP.Parser.csproj", "{7FA9CFF9-1DF8-41EE-9E5B-FF86BB3D2D28}"
EndProject
Project("{2150E333-8FDC-42A3-9474-1A3956D46DE8}") = "proxy", "proxy", "{F4A2D36F-877C-4333-B1F2-421BCF871676}"
EndProject
Project("{2150E333-8FDC-42A3-9474-1A3956D46DE8}") = "base", "base", "{52D525F0-3EAA-4C39-82FB-250DBFC14948}"
EndProject
Project("{FAE04EC0-301F-11D3-BF4B-00C04F79EFBC}") = "NCDCP.Proxy", "src\proxy\NCDCP.Proxy\NCDCP.Proxy.csproj", "{2E96494D-BB0F-4F6F-851B-FF137C279FA4}"
EndProject
Project("{FAE04EC0-301F-11D3-BF4B-00C04F79EFBC}") = "NCDCP.ProxyClient", "src\proxy\NCDCP.ProxyClient\NCDCP.ProxyClient.csproj", "{4ED52A08-74EB-4D29-8315-93C3701DB115}"
EndProject
Project("{FAE04EC0-301F-11D3-BF4B-00C04F79EFBC}") = "NCDCP.ProxyClientMysql", "src\proxy\NCDCP.ProxyClientMysql\NCDCP.ProxyClientMysql.csproj", "{9F579CCB-2E18-4FB5-9BB2-911CC1D9D8B6}"
EndProject
Project("{FAE04EC0-301F-11D3-BF4B-00C04F79EFBC}") = "NCDCP.Protocol", "src\base\NCDCP.Protocol\NCDCP.Protocol.csproj", "{7446CAC1-8716-4DFD-A83F-68E07CBFADD0}"
EndProject
Project("{FAE04EC0-301F-11D3-BF4B-00C04F79EFBC}") = "NCDCP.ParserMySql", "src\base\NCDCP.ParserMySql\NCDCP.ParserMySql.csproj", "{1DF754BF-4355-4C0D-825E-EDE9CC36CA1E}"
EndProject
Global
	GlobalSection(SolutionConfigurationPlatforms) = preSolution
		Debug|Any CPU = Debug|Any CPU
		Release|Any CPU = Release|Any CPU
	EndGlobalSection
	GlobalSection(NestedProjects) = preSolution
		{F4A2D36F-877C-4333-B1F2-421BCF871676} = {F6099AE4-67FB-4E0F-9092-2E5264810952}
		{52D525F0-3EAA-4C39-82FB-250DBFC14948} = {F6099AE4-67FB-4E0F-9092-2E5264810952}
		{2E96494D-BB0F-4F6F-851B-FF137C279FA4} = {F4A2D36F-877C-4333-B1F2-421BCF871676}
		{4ED52A08-74EB-4D29-8315-93C3701DB115} = {F4A2D36F-877C-4333-B1F2-421BCF871676}
		{9F579CCB-2E18-4FB5-9BB2-911CC1D9D8B6} = {F4A2D36F-877C-4333-B1F2-421BCF871676}
		{7446CAC1-8716-4DFD-A83F-68E07CBFADD0} = {52D525F0-3EAA-4C39-82FB-250DBFC14948}
		{95908867-C512-470D-8472-BAC407B31D46} = {52D525F0-3EAA-4C39-82FB-250DBFC14948}
		{7FA9CFF9-1DF8-41EE-9E5B-FF86BB3D2D28} = {52D525F0-3EAA-4C39-82FB-250DBFC14948}
		{CEB31658-E7F8-4D36-AF89-75C721A30C96} = {52D525F0-3EAA-4C39-82FB-250DBFC14948}
		{1DF754BF-4355-4C0D-825E-EDE9CC36CA1E} = {52D525F0-3EAA-4C39-82FB-250DBFC14948}
	EndGlobalSection
	GlobalSection(ProjectConfigurationPlatforms) = postSolution
		{CEB31658-E7F8-4D36-AF89-75C721A30C96}.Debug|Any CPU.ActiveCfg = Debug|Any CPU
		{CEB31658-E7F8-4D36-AF89-75C721A30C96}.Debug|Any CPU.Build.0 = Debug|Any CPU
		{CEB31658-E7F8-4D36-AF89-75C721A30C96}.Release|Any CPU.ActiveCfg = Release|Any CPU
		{CEB31658-E7F8-4D36-AF89-75C721A30C96}.Release|Any CPU.Build.0 = Release|Any CPU
		{95908867-C512-470D-8472-BAC407B31D46}.Debug|Any CPU.ActiveCfg = Debug|Any CPU
		{95908867-C512-470D-8472-BAC407B31D46}.Debug|Any CPU.Build.0 = Debug|Any CPU
		{95908867-C512-470D-8472-BAC407B31D46}.Release|Any CPU.ActiveCfg = Release|Any CPU
		{95908867-C512-470D-8472-BAC407B31D46}.Release|Any CPU.Build.0 = Release|Any CPU
		{7FA9CFF9-1DF8-41EE-9E5B-FF86BB3D2D28}.Debug|Any CPU.ActiveCfg = Debug|Any CPU
		{7FA9CFF9-1DF8-41EE-9E5B-FF86BB3D2D28}.Debug|Any CPU.Build.0 = Debug|Any CPU
		{7FA9CFF9-1DF8-41EE-9E5B-FF86BB3D2D28}.Release|Any CPU.ActiveCfg = Release|Any CPU
		{7FA9CFF9-1DF8-41EE-9E5B-FF86BB3D2D28}.Release|Any CPU.Build.0 = Release|Any CPU
		{2E96494D-BB0F-4F6F-851B-FF137C279FA4}.Debug|Any CPU.ActiveCfg = Debug|Any CPU
		{2E96494D-BB0F-4F6F-851B-FF137C279FA4}.Debug|Any CPU.Build.0 = Debug|Any CPU
		{2E96494D-BB0F-4F6F-851B-FF137C279FA4}.Release|Any CPU.ActiveCfg = Release|Any CPU
		{2E96494D-BB0F-4F6F-851B-FF137C279FA4}.Release|Any CPU.Build.0 = Release|Any CPU
		{4ED52A08-74EB-4D29-8315-93C3701DB115}.Debug|Any CPU.ActiveCfg = Debug|Any CPU
		{4ED52A08-74EB-4D29-8315-93C3701DB115}.Debug|Any CPU.Build.0 = Debug|Any CPU
		{4ED52A08-74EB-4D29-8315-93C3701DB115}.Release|Any CPU.ActiveCfg = Release|Any CPU
		{4ED52A08-74EB-4D29-8315-93C3701DB115}.Release|Any CPU.Build.0 = Release|Any CPU
		{9F579CCB-2E18-4FB5-9BB2-911CC1D9D8B6}.Debug|Any CPU.ActiveCfg = Debug|Any CPU
		{9F579CCB-2E18-4FB5-9BB2-911CC1D9D8B6}.Debug|Any CPU.Build.0 = Debug|Any CPU
		{9F579CCB-2E18-4FB5-9BB2-911CC1D9D8B6}.Release|Any CPU.ActiveCfg = Release|Any CPU
		{9F579CCB-2E18-4FB5-9BB2-911CC1D9D8B6}.Release|Any CPU.Build.0 = Release|Any CPU
		{7446CAC1-8716-4DFD-A83F-68E07CBFADD0}.Debug|Any CPU.ActiveCfg = Debug|Any CPU
		{7446CAC1-8716-4DFD-A83F-68E07CBFADD0}.Debug|Any CPU.Build.0 = Debug|Any CPU
		{7446CAC1-8716-4DFD-A83F-68E07CBFADD0}.Release|Any CPU.ActiveCfg = Release|Any CPU
		{7446CAC1-8716-4DFD-A83F-68E07CBFADD0}.Release|Any CPU.Build.0 = Release|Any CPU
		{1DF754BF-4355-4C0D-825E-EDE9CC36CA1E}.Debug|Any CPU.ActiveCfg = Debug|Any CPU
		{1DF754BF-4355-4C0D-825E-EDE9CC36CA1E}.Debug|Any CPU.Build.0 = Debug|Any CPU
		{1DF754BF-4355-4C0D-825E-EDE9CC36CA1E}.Release|Any CPU.ActiveCfg = Release|Any CPU
		{1DF754BF-4355-4C0D-825E-EDE9CC36CA1E}.Release|Any CPU.Build.0 = Release|Any CPU
	EndGlobalSection
EndGlobal
